
Microsoft Visual Studio Solution File, Format Version 12.00
# Visual Studio Version 17
VisualStudioVersion = 17.3.32929.385
MinimumVisualStudioVersion = 10.0.40219.1
Project("{FAE04EC0-301F-11D3-BF4B-00C04F79EFBC}") = "Kontrolltöö_Kristofer_Hansberg", "Kontrolltöö_Kristofer_Hansberg\Kontrolltöö_Kristofer_Hansberg.csproj", "{F46A16AC-2474-4FD6-9E7A-36003A06AB1D}"
EndProject
Global
	GlobalSection(SolutionConfigurationPlatforms) = preSolution
		Debug|Any CPU = Debug|Any CPU
		Release|Any CPU = Release|Any CPU
	EndGlobalSection
	GlobalSection(ProjectConfigurationPlatforms) = postSolution
		{F46A16AC-2474-4FD6-9E7A-36003A06AB1D}.Debug|Any CPU.ActiveCfg = Debug|Any CPU
		{F46A16AC-2474-4FD6-9E7A-36003A06AB1D}.Debug|Any CPU.Build.0 = Debug|Any CPU
		{F46A16AC-2474-4FD6-9E7A-36003A06AB1D}.Release|Any CPU.ActiveCfg = Release|Any CPU
		{F46A16AC-2474-4FD6-9E7A-36003A06AB1D}.Release|Any CPU.Build.0 = Release|Any CPU
	EndGlobalSection
	GlobalSection(SolutionProperties) = preSolution
		HideSolutionNode = FALSE
	EndGlobalSection
	GlobalSection(ExtensibilityGlobals) = postSolution
		SolutionGuid = {0ADC8D6B-C4C9-4FAC-B983-237FA4E6F846}
	EndGlobalSection
EndGlobal
